
Microsoft Visual Studio Solution File, Format Version 12.00
# Visual Studio Version 17
VisualStudioVersion = 17.3.32819.101
MinimumVisualStudioVersion = 10.0.40219.1
Project("{9A19103F-16F7-4668-BE54-9A1E7A4F7556}") = "Methods", "Methods\Methods.csproj", "{CFD929CF-41F4-4716-AB7E-05B09636CA83}"
EndProject
Project("{FAE04EC0-301F-11D3-BF4B-00C04F79EFBC}") = "MethodProblem2", "MethodProblem2\MethodProblem2.csproj", "{DEEC71B3-35B0-431C-8E42-180202CD099D}"
EndProject
Global
	GlobalSection(SolutionConfigurationPlatforms) = preSolution
		Debug|Any CPU = Debug|Any CPU
		Release|Any CPU = Release|Any CPU
	EndGlobalSection
	GlobalSection(ProjectConfigurationPlatforms) = postSolution
		{CFD929CF-41F4-4716-AB7E-05B09636CA83}.Debug|Any CPU.ActiveCfg = Debug|Any CPU
		{CFD929CF-41F4-4716-AB7E-05B09636CA83}.Debug|Any CPU.Build.0 = Debug|Any CPU
		{CFD929CF-41F4-4716-AB7E-05B09636CA83}.Release|Any CPU.ActiveCfg = Release|Any CPU
		{CFD929CF-41F4-4716-AB7E-05B09636CA83}.Release|Any CPU.Build.0 = Release|Any CPU
		{DEEC71B3-35B0-431C-8E42-180202CD099D}.Debug|Any CPU.ActiveCfg = Debug|Any CPU
		{DEEC71B3-35B0-431C-8E42-180202CD099D}.Debug|Any CPU.Build.0 = Debug|Any CPU
		{DEEC71B3-35B0-431C-8E42-180202CD099D}.Release|Any CPU.ActiveCfg = Release|Any CPU
		{DEEC71B3-35B0-431C-8E42-180202CD099D}.Release|Any CPU.Build.0 = Release|Any CPU
	EndGlobalSection
	GlobalSection(SolutionProperties) = preSolution
		HideSolutionNode = FALSE
	EndGlobalSection
	GlobalSection(ExtensibilityGlobals) = postSolution
		SolutionGuid = {E7CFF17D-2E23-46A8-8B71-486C09B519CE}
	EndGlobalSection
EndGlobal
