
Microsoft Visual Studio Solution File, Format Version 12.00
# Visual Studio Version 17
VisualStudioVersion = 17.3.32825.248
MinimumVisualStudioVersion = 10.0.40219.1
Project("{FAE04EC0-301F-11D3-BF4B-00C04F79EFBC}") = "LoopConcepts", "LoopConcepts\LoopConcepts.csproj", "{08D9E070-BE69-4016-97A6-81EC0DB3802C}"
EndProject
Global
	GlobalSection(SolutionConfigurationPlatforms) = preSolution
		Debug|Any CPU = Debug|Any CPU
		Release|Any CPU = Release|Any CPU
	EndGlobalSection
	GlobalSection(ProjectConfigurationPlatforms) = postSolution
		{08D9E070-BE69-4016-97A6-81EC0DB3802C}.Debug|Any CPU.ActiveCfg = Debug|Any CPU
		{08D9E070-BE69-4016-97A6-81EC0DB3802C}.Debug|Any CPU.Build.0 = Debug|Any CPU
		{08D9E070-BE69-4016-97A6-81EC0DB3802C}.Release|Any CPU.ActiveCfg = Release|Any CPU
		{08D9E070-BE69-4016-97A6-81EC0DB3802C}.Release|Any CPU.Build.0 = Release|Any CPU
	EndGlobalSection
	GlobalSection(SolutionProperties) = preSolution
		HideSolutionNode = FALSE
	EndGlobalSection
	GlobalSection(ExtensibilityGlobals) = postSolution
		SolutionGuid = {5C7D9A79-B988-410A-A6EB-7A7A00675C54}
	EndGlobalSection
EndGlobal
